
Microsoft Visual Studio Solution File, Format Version 12.00
# Visual Studio 15
VisualStudioVersion = 15.0.27428.2037
MinimumVisualStudioVersion = 10.0.40219.1
Project("{FAE04EC0-301F-11D3-BF4B-00C04F79EFBC}") = "OathKeeper", "OathKeeper\OathKeeper.csproj", "{F4F61858-7EAF-433B-BE66-B53F622E3814}"
EndProject
Global
	GlobalSection(SolutionConfigurationPlatforms) = preSolution
		Debug|Any CPU = Debug|Any CPU
		Release|Any CPU = Release|Any CPU
	EndGlobalSection
	GlobalSection(ProjectConfigurationPlatforms) = postSolution
		{F4F61858-7EAF-433B-BE66-B53F622E3814}.Debug|Any CPU.ActiveCfg = Debug|Any CPU
		{F4F61858-7EAF-433B-BE66-B53F622E3814}.Debug|Any CPU.Build.0 = Debug|Any CPU
		{F4F61858-7EAF-433B-BE66-B53F622E3814}.Release|Any CPU.ActiveCfg = Release|Any CPU
		{F4F61858-7EAF-433B-BE66-B53F622E3814}.Release|Any CPU.Build.0 = Release|Any CPU
	EndGlobalSection
	GlobalSection(SolutionProperties) = preSolution
		HideSolutionNode = FALSE
	EndGlobalSection
	GlobalSection(ExtensibilityGlobals) = postSolution
		SolutionGuid = {3ED7D283-32B4-4B73-AB6B-5C926450403C}
	EndGlobalSection
EndGlobal
